// !$*UTF8*$!
{
	archiveVersion = 1;
	classes = {
	};
	objectVersion = 46;
	objects = {

/* Begin PBXBuildFile section */
		305CF4451ACCFBF9008254CD /* 1 MachineLearning.swift in Sources */ = {isa = PBXBuildFile; fileRef = 305CF4441ACCFBF9008254CD /* 1 MachineLearning.swift */; };
		305CF4471ACCFC2E008254CD /* 2 MachineDetermination.swift in Sources */ = {isa = PBXBuildFile; fileRef = 305CF4461ACCFC2E008254CD /* 2 MachineDetermination.swift */; };
		3081E29A1ACCF13000F96281 /* Structure.swift in Sources */ = {isa = PBXBuildFile; fileRef = 3081E2991ACCF13000F96281 /* Structure.swift */; };
		30EB5D101AA23A6400354F90 /* AppDelegate.swift in Sources */ = {isa = PBXBuildFile; fileRef = 30EB5D0F1AA23A6400354F90 /* AppDelegate.swift */; };
		30EB5D121AA23A6400354F90 /* 2 SearchFirstVC.swift in Sources */ = {isa = PBXBuildFile; fileRef = 30EB5D111AA23A6400354F90 /* 2 SearchFirstVC.swift */; };
		30EB5D141AA23A6400354F90 /* 1 LearnSecondVC.swift in Sources */ = {isa = PBXBuildFile; fileRef = 30EB5D131AA23A6400354F90 /* 1 LearnSecondVC.swift */; };
		30EB5D171AA23A6400354F90 /* Main.storyboard in Resources */ = {isa = PBXBuildFile; fileRef = 30EB5D151AA23A6400354F90 /* Main.storyboard */; };
		30EB5D191AA23A6400354F90 /* Images.xcassets in Resources */ = {isa = PBXBuildFile; fileRef = 30EB5D181AA23A6400354F90 /* Images.xcassets */; };
		30EB5D1C1AA23A6400354F90 /* LaunchScreen.xib in Resources */ = {isa = PBXBuildFile; fileRef = 30EB5D1A1AA23A6400354F90 /* LaunchScreen.xib */; };
		30EB5D281AA23A6400354F90 /* BMATests.swift in Sources */ = {isa = PBXBuildFile; fileRef = 30EB5D271AA23A6400354F90 /* BMATests.swift */; };
		30EB5D321AA24E2300354F90 /* SignalCollectionViewCell.swift in Sources */ = {isa = PBXBuildFile; fileRef = 30EB5D311AA24E2300354F90 /* SignalCollectionViewCell.swift */; };
/* End PBXBuildFile section */

/* Begin PBXContainerItemProxy section */
		30EB5D221AA23A6400354F90 /* PBXContainerItemProxy */ = {
			isa = PBXContainerItemProxy;
			containerPortal = 30EB5D021AA23A6400354F90 /* Project object */;
			proxyType = 1;
			remoteGlobalIDString = 30EB5D091AA23A6400354F90;
			remoteInfo = BMA;
		};
/* End PBXContainerItemProxy section */

/* Begin PBXFileReference section */
		305CF4441ACCFBF9008254CD /* 1 MachineLearning.swift */ = {isa = PBXFileReference; fileEncoding = 4; lastKnownFileType = sourcecode.swift; path = "1 MachineLearning.swift"; sourceTree = "<group>"; };
		305CF4461ACCFC2E008254CD /* 2 MachineDetermination.swift */ = {isa = PBXFileReference; fileEncoding = 4; lastKnownFileType = sourcecode.swift; path = "2 MachineDetermination.swift"; sourceTree = "<group>"; };
		3081E2991ACCF13000F96281 /* Structure.swift */ = {isa = PBXFileReference; fileEncoding = 4; lastKnownFileType = sourcecode.swift; path = Structure.swift; sourceTree = "<group>"; };
		30EB5D0A1AA23A6400354F90 /* BMA.app */ = {isa = PBXFileReference; explicitFileType = wrapper.application; includeInIndex = 0; path = BMA.app; sourceTree = BUILT_PRODUCTS_DIR; };
		30EB5D0E1AA23A6400354F90 /* Info.plist */ = {isa = PBXFileReference; lastKnownFileType = text.plist.xml; path = Info.plist; sourceTree = "<group>"; };
		30EB5D0F1AA23A6400354F90 /* AppDelegate.swift */ = {isa = PBXFileReference; lastKnownFileType = sourcecode.swift; path = AppDelegate.swift; sourceTree = "<group>"; };
		30EB5D111AA23A6400354F90 /* 2 SearchFirstVC.swift */ = {isa = PBXFileReference; lastKnownFileType = sourcecode.swift; path = "2 SearchFirstVC.swift"; sourceTree = "<group>"; };
		30EB5D131AA23A6400354F90 /* 1 LearnSecondVC.swift */ = {isa = PBXFileReference; lastKnownFileType = sourcecode.swift; path = "1 LearnSecondVC.swift"; sourceTree = "<group>"; };
		30EB5D161AA23A6400354F90 /* Base */ = {isa = PBXFileReference; lastKnownFileType = file.storyboard; name = Base; path = Base.lproj/Main.storyboard; sourceTree = "<group>"; };
		30EB5D181AA23A6400354F90 /* Images.xcassets */ = {isa = PBXFileReference; lastKnownFileType = folder.assetcatalog; path = Images.xcassets; sourceTree = "<group>"; };
		30EB5D1B1AA23A6400354F90 /* Base */ = {isa = PBXFileReference; lastKnownFileType = file.xib; name = Base; path = Base.lproj/LaunchScreen.xib; sourceTree = "<group>"; };
		30EB5D211AA23A6400354F90 /* BMATests.xctest */ = {isa = PBXFileReference; explicitFileType = wrapper.cfbundle; includeInIndex = 0; path = BMATests.xctest; sourceTree = BUILT_PRODUCTS_DIR; };
		30EB5D261AA23A6400354F90 /* Info.plist */ = {isa = PBXFileReference; lastKnownFileType = text.plist.xml; path = Info.plist; sourceTree = "<group>"; };
		30EB5D271AA23A6400354F90 /* BMATests.swift */ = {isa = PBXFileReference; lastKnownFileType = sourcecode.swift; path = BMATests.swift; sourceTree = "<group>"; };
		30EB5D311AA24E2300354F90 /* SignalCollectionViewCell.swift */ = {isa = PBXFileReference; fileEncoding = 4; lastKnownFileType = sourcecode.swift; path = SignalCollectionViewCell.swift; sourceTree = "<group>"; };
/* End PBXFileReference section */

/* Begin PBXFrameworksBuildPhase section */
		30EB5D071AA23A6400354F90 /* Frameworks */ = {
			isa = PBXFrameworksBuildPhase;
			buildActionMask = 2147483647;
			files = (
			);
			runOnlyForDeploymentPostprocessing = 0;
		};
		30EB5D1E1AA23A6400354F90 /* Frameworks */ = {
			isa = PBXFrameworksBuildPhase;
			buildActionMask = 2147483647;
			files = (
			);
			runOnlyForDeploymentPostprocessing = 0;
		};
/* End PBXFrameworksBuildPhase section */

/* Begin PBXGroup section */
		30E51AA91B0890A20063367C /* New Group */ = {
			isa = PBXGroup;
			children = (
			);
			name = "New Group";
			sourceTree = "<group>";
		};
		30EB5D011AA23A6400354F90 = {
			isa = PBXGroup;
			children = (
				30E51AA91B0890A20063367C /* New Group */,
				30EB5D0C1AA23A6400354F90 /* BMA */,
				30EB5D241AA23A6400354F90 /* BMATests */,
				30EB5D0B1AA23A6400354F90 /* Products */,
			);
			sourceTree = "<group>";
		};
		30EB5D0B1AA23A6400354F90 /* Products */ = {
			isa = PBXGroup;
			children = (
				30EB5D0A1AA23A6400354F90 /* BMA.app */,
				30EB5D211AA23A6400354F90 /* BMATests.xctest */,
			);
			name = Products;
			sourceTree = "<group>";
		};
		30EB5D0C1AA23A6400354F90 /* BMA */ = {
			isa = PBXGroup;
			children = (
				30EB5D151AA23A6400354F90 /* Main.storyboard */,
				30EB5D131AA23A6400354F90 /* 1 LearnSecondVC.swift */,
				305CF4441ACCFBF9008254CD /* 1 MachineLearning.swift */,
				30EB5D111AA23A6400354F90 /* 2 SearchFirstVC.swift */,
				305CF4461ACCFC2E008254CD /* 2 MachineDetermination.swift */,
				30EB5D311AA24E2300354F90 /* SignalCollectionViewCell.swift */,
				3081E2991ACCF13000F96281 /* Structure.swift */,
				30EB5D0F1AA23A6400354F90 /* AppDelegate.swift */,
				30EB5D181AA23A6400354F90 /* Images.xcassets */,
				30EB5D1A1AA23A6400354F90 /* LaunchScreen.xib */,
				30EB5D0D1AA23A6400354F90 /* Supporting Files */,
			);
			path = BMA;
			sourceTree = "<group>";
		};
		30EB5D0D1AA23A6400354F90 /* Supporting Files */ = {
			isa = PBXGroup;
			children = (
				30EB5D0E1AA23A6400354F90 /* Info.plist */,
			);
			name = "Supporting Files";
			sourceTree = "<group>";
		};
		30EB5D241AA23A6400354F90 /* BMATests */ = {
			isa = PBXGroup;
			children = (
				30EB5D271AA23A6400354F90 /* BMATests.swift */,
				30EB5D251AA23A6400354F90 /* Supporting Files */,
			);
			path = BMATests;
			sourceTree = "<group>";
		};
		30EB5D251AA23A6400354F90 /* Supporting Files */ = {
			isa = PBXGroup;
			children = (
				30EB5D261AA23A6400354F90 /* Info.plist */,
			);
			name = "Supporting Files";
			sourceTree = "<group>";
		};
/* End PBXGroup section */

/* Begin PBXNativeTarget section */
		30EB5D091AA23A6400354F90 /* BMA */ = {
			isa = PBXNativeTarget;
			buildConfigurationList = 30EB5D2B1AA23A6400354F90 /* Build configuration list for PBXNativeTarget "BMA" */;
			buildPhases = (
				30EB5D061AA23A6400354F90 /* Sources */,
				30EB5D071AA23A6400354F90 /* Frameworks */,
				30EB5D081AA23A6400354F90 /* Resources */,
			);
			buildRules = (
			);
			dependencies = (
			);
			name = BMA;
			productName = BMA;
			productReference = 30EB5D0A1AA23A6400354F90 /* BMA.app */;
			productType = "com.apple.product-type.application";
		};
		30EB5D201AA23A6400354F90 /* BMATests */ = {
			isa = PBXNativeTarget;
			buildConfigurationList = 30EB5D2E1AA23A6400354F90 /* Build configuration list for PBXNativeTarget "BMATests" */;
			buildPhases = (
				30EB5D1D1AA23A6400354F90 /* Sources */,
				30EB5D1E1AA23A6400354F90 /* Frameworks */,
				30EB5D1F1AA23A6400354F90 /* Resources */,
			);
			buildRules = (
			);
			dependencies = (
				30EB5D231AA23A6400354F90 /* PBXTargetDependency */,
			);
			name = BMATests;
			productName = BMATests;
			productReference = 30EB5D211AA23A6400354F90 /* BMATests.xctest */;
			productType = "com.apple.product-type.bundle.unit-test";
		};
/* End PBXNativeTarget section */

/* Begin PBXProject section */
		30EB5D021AA23A6400354F90 /* Project object */ = {
			isa = PBXProject;
			attributes = {
				LastUpgradeCheck = 0610;
				ORGANIZATIONNAME = RomanSpirichkinOrganization;
				TargetAttributes = {
					30EB5D091AA23A6400354F90 = {
						CreatedOnToolsVersion = 6.1.1;
					};
					30EB5D201AA23A6400354F90 = {
						CreatedOnToolsVersion = 6.1.1;
						TestTargetID = 30EB5D091AA23A6400354F90;
					};
				};
			};
			buildConfigurationList = 30EB5D051AA23A6400354F90 /* Build configuration list for PBXProject "BMA" */;
			compatibilityVersion = "Xcode 3.2";
			developmentRegion = English;
			hasScannedForEncodings = 0;
			knownRegions = (
				en,
				Base,
			);
			mainGroup = 30EB5D011AA23A6400354F90;
			productRefGroup = 30EB5D0B1AA23A6400354F90 /* Products */;
			projectDirPath = "";
			projectRoot = "";
			targets = (
				30EB5D091AA23A6400354F90 /* BMA */,
				30EB5D201AA23A6400354F90 /* BMATests */,
			);
		};
/* End PBXProject section */

/* Begin PBXResourcesBuildPhase section */
		30EB5D081AA23A6400354F90 /* Resources */ = {
			isa = PBXResourcesBuildPhase;
			buildActionMask = 2147483647;
			files = (
				30EB5D171AA23A6400354F90 /* Main.storyboard in Resources */,
				30EB5D1C1AA23A6400354F90 /* LaunchScreen.xib in Resources */,
				30EB5D191AA23A6400354F90 /* Images.xcassets in Resources */,
			);
			runOnlyForDeploymentPostprocessing = 0;
		};
		30EB5D1F1AA23A6400354F90 /* Resources */ = {
			isa = PBXResourcesBuildPhase;
			buildActionMask = 2147483647;
			files = (
			);
			runOnlyForDeploymentPostprocessing = 0;
		};
/* End PBXResourcesBuildPhase section */

/* Begin PBXSourcesBuildPhase section */
		30EB5D061AA23A6400354F90 /* Sources */ = {
			isa = PBXSourcesBuildPhase;
			buildActionMask = 2147483647;
			files = (
				30EB5D141AA23A6400354F90 /* 1 LearnSecondVC.swift in Sources */,
				305CF4451ACCFBF9008254CD /* 1 MachineLearning.swift in Sources */,
				30EB5D101AA23A6400354F90 /* AppDelegate.swift in Sources */,
				3081E29A1ACCF13000F96281 /* Structure.swift in Sources */,
				305CF4471ACCFC2E008254CD /* 2 MachineDetermination.swift in Sources */,
				30EB5D321AA24E2300354F90 /* SignalCollectionViewCell.swift in Sources */,
				30EB5D121AA23A6400354F90 /* 2 SearchFirstVC.swift in Sources */,
			);
			runOnlyForDeploymentPostprocessing = 0;
		};
		30EB5D1D1AA23A6400354F90 /* Sources */ = {
			isa = PBXSourcesBuildPhase;
			buildActionMask = 2147483647;
			files = (
				30EB5D281AA23A6400354F90 /* BMATests.swift in Sources */,
			);
			runOnlyForDeploymentPostprocessing = 0;
		};
/* End PBXSourcesBuildPhase section */

/* Begin PBXTargetDependency section */
		30EB5D231AA23A6400354F90 /* PBXTargetDependency */ = {
			isa = PBXTargetDependency;
			target = 30EB5D091AA23A6400354F90 /* BMA */;
			targetProxy = 30EB5D221AA23A6400354F90 /* PBXContainerItemProxy */;
		};
/* End PBXTargetDependency section */

/* Begin PBXVariantGroup section */
		30EB5D151AA23A6400354F90 /* Main.storyboard */ = {
			isa = PBXVariantGroup;
			children = (
				30EB5D161AA23A6400354F90 /* Base */,
			);
			name = Main.storyboard;
			sourceTree = "<group>";
		};
		30EB5D1A1AA23A6400354F90 /* LaunchScreen.xib */ = {
			isa = PBXVariantGroup;
			children = (
				30EB5D1B1AA23A6400354F90 /* Base */,
			);
			name = LaunchScreen.xib;
			sourceTree = "<group>";
		};
/* End PBXVariantGroup section */

/* Begin XCBuildConfiguration section */
		30EB5D291AA23A6400354F90 /* Debug */ = {
			isa = XCBuildConfiguration;
			buildSettings = {
				ALWAYS_SEARCH_USER_PATHS = NO;
				CLANG_CXX_LANGUAGE_STANDARD = "gnu++0x";
				CLANG_CXX_LIBRARY = "libc++";
				CLANG_ENABLE_MODULES = YES;
				CLANG_ENABLE_OBJC_ARC = YES;
				CLANG_WARN_BOOL_CONVERSION = YES;
				CLANG_WARN_CONSTANT_CONVERSION = YES;
				CLANG_WARN_DIRECT_OBJC_ISA_USAGE = YES_ERROR;
				CLANG_WARN_EMPTY_BODY = YES;
				CLANG_WARN_ENUM_CONVERSION = YES;
				CLANG_WARN_INT_CONVERSION = YES;
				CLANG_WARN_OBJC_ROOT_CLASS = YES_ERROR;
				CLANG_WARN_UNREACHABLE_CODE = YES;
				CLANG_WARN__DUPLICATE_METHOD_MATCH = YES;
				"CODE_SIGN_IDENTITY[sdk=iphoneos*]" = "iPhone Developer";
				COPY_PHASE_STRIP = NO;
				ENABLE_STRICT_OBJC_MSGSEND = YES;
				GCC_C_LANGUAGE_STANDARD = gnu99;
				GCC_DYNAMIC_NO_PIC = NO;
				GCC_OPTIMIZATION_LEVEL = 0;
				GCC_PREPROCESSOR_DEFINITIONS = (
					"DEBUG=1",
					"$(inherited)",
				);
				GCC_SYMBOLS_PRIVATE_EXTERN = NO;
				GCC_WARN_64_TO_32_BIT_CONVERSION = YES;
				GCC_WARN_ABOUT_RETURN_TYPE = YES_ERROR;
				GCC_WARN_UNDECLARED_SELECTOR = YES;
				GCC_WARN_UNINITIALIZED_AUTOS = YES_AGGRESSIVE;
				GCC_WARN_UNUSED_FUNCTION = YES;
				GCC_WARN_UNUSED_VARIABLE = YES;
				IPHONEOS_DEPLOYMENT_TARGET = 8.1;
				MTL_ENABLE_DEBUG_INFO = YES;
				ONLY_ACTIVE_ARCH = YES;
				SDKROOT = iphoneos;
				SWIFT_OPTIMIZATION_LEVEL = "-Onone";
				TARGETED_DEVICE_FAMILY = "1,2";
			};
			name = Debug;
		};
		30EB5D2A1AA23A6400354F90 /* Release */ = {
			isa = XCBuildConfiguration;
			buildSettings = {
				ALWAYS_SEARCH_USER_PATHS = NO;
				CLANG_CXX_LANGUAGE_STANDARD = "gnu++0x";
				CLANG_CXX_LIBRARY = "libc++";
				CLANG_ENABLE_MODULES = YES;
				CLANG_ENABLE_OBJC_ARC = YES;
				CLANG_WARN_BOOL_CONVERSION = YES;
				CLANG_WARN_CONSTANT_CONVERSION = YES;
				CLANG_WARN_DIRECT_OBJC_ISA_USAGE = YES_ERROR;
				CLANG_WARN_EMPTY_BODY = YES;
				CLANG_WARN_ENUM_CONVERSION = YES;
				CLANG_WARN_INT_CONVERSION = YES;
				CLANG_WARN_OBJC_ROOT_CLASS = YES_ERROR;
				CLANG_WARN_UNREACHABLE_CODE = YES;
				CLANG_WARN__DUPLICATE_METHOD_MATCH = YES;
				"CODE_SIGN_IDENTITY[sdk=iphoneos*]" = "iPhone Developer";
				COPY_PHASE_STRIP = YES;
				ENABLE_NS_ASSERTIONS = NO;
				ENABLE_STRICT_OBJC_MSGSEND = YES;
				GCC_C_LANGUAGE_STANDARD = gnu99;
				GCC_WARN_64_TO_32_BIT_CONVERSION = YES;
				GCC_WARN_ABOUT_RETURN_TYPE = YES_ERROR;
				GCC_WARN_UNDECLARED_SELECTOR = YES;
				GCC_WARN_UNINITIALIZED_AUTOS = YES_AGGRESSIVE;
				GCC_WARN_UNUSED_FUNCTION = YES;
				GCC_WARN_UNUSED_VARIABLE = YES;
				IPHONEOS_DEPLOYMENT_TARGET = 8.1;
				MTL_ENABLE_DEBUG_INFO = NO;
				SDKROOT = iphoneos;
				TARGETED_DEVICE_FAMILY = "1,2";
				VALIDATE_PRODUCT = YES;
			};
			name = Release;
		};
		30EB5D2C1AA23A6400354F90 /* Debug */ = {
			isa = XCBuildConfiguration;
			buildSettings = {
				ASSETCATALOG_COMPILER_APPICON_NAME = AppIcon;
				INFOPLIST_FILE = BMA/Info.plist;
				LD_RUNPATH_SEARCH_PATHS = "$(inherited) @executable_path/Frameworks";
				PRODUCT_NAME = "$(TARGET_NAME)";
			};
			name = Debug;
		};
		30EB5D2D1AA23A6400354F90 /* Release */ = {
			isa = XCBuildConfiguration;
			buildSettings = {
				ASSETCATALOG_COMPILER_APPICON_NAME = AppIcon;
				INFOPLIST_FILE = BMA/Info.plist;
				LD_RUNPATH_SEARCH_PATHS = "$(inherited) @executable_path/Frameworks";
				PRODUCT_NAME = "$(TARGET_NAME)";
			};
			name = Release;
		};
		30EB5D2F1AA23A6400354F90 /* Debug */ = {
			isa = XCBuildConfiguration;
			buildSettings = {
				BUNDLE_LOADER = "$(TEST_HOST)";
				FRAMEWORK_SEARCH_PATHS = (
					"$(SDKROOT)/Developer/Library/Frameworks",
					"$(inherited)",
				);
				GCC_PREPROCESSOR_DEFINITIONS = (
					"DEBUG=1",
					"$(inherited)",
				);
				INFOPLIST_FILE = BMATests/Info.plist;
				LD_RUNPATH_SEARCH_PATHS = "$(inherited) @executable_path/Frameworks @loader_path/Frameworks";
				PRODUCT_NAME = "$(TARGET_NAME)";
				TEST_HOST = "$(BUILT_PRODUCTS_DIR)/BMA.app/BMA";
			};
			name = Debug;
		};
		30EB5D301AA23A6400354F90 /* Release */ = {
			isa = XCBuildConfiguration;
			buildSettings = {
				BUNDLE_LOADER = "$(TEST_HOST)";
				FRAMEWORK_SEARCH_PATHS = (
					"$(SDKROOT)/Developer/Library/Frameworks",
					"$(inherited)",
				);
				INFOPLIST_FILE = BMATests/Info.plist;
				LD_RUNPATH_SEARCH_PATHS = "$(inherited) @executable_path/Frameworks @loader_path/Frameworks";
				PRODUCT_NAME = "$(TARGET_NAME)";
				TEST_HOST = "$(BUILT_PRODUCTS_DIR)/BMA.app/BMA";
			};
			name = Release;
		};
/* End XCBuildConfiguration section */

/* Begin XCConfigurationList section */
		30EB5D051AA23A6400354F90 /* Build configuration list for PBXProject "BMA" */ = {
			isa = XCConfigurationList;
			buildConfigurations = (
				30EB5D291AA23A6400354F90 /* Debug */,
				30EB5D2A1AA23A6400354F90 /* Release */,
			);
			defaultConfigurationIsVisible = 0;
			defaultConfigurationName = Release;
		};
		30EB5D2B1AA23A6400354F90 /* Build configuration list for PBXNativeTarget "BMA" */ = {
			isa = XCConfigurationList;
			buildConfigurations = (
				30EB5D2C1AA23A6400354F90 /* Debug */,
				30EB5D2D1AA23A6400354F90 /* Release */,
			);
			defaultConfigurationIsVisible = 0;
			defaultConfigurationName = Release;
		};
		30EB5D2E1AA23A6400354F90 /* Build configuration list for PBXNativeTarget "BMATests" */ = {
			isa = XCConfigurationList;
			buildConfigurations = (
				30EB5D2F1AA23A6400354F90 /* Debug */,
				30EB5D301AA23A6400354F90 /* Release */,
			);
			defaultConfigurationIsVisible = 0;
			defaultConfigurationName = Release;
		};
/* End XCConfigurationList section */
	};
	rootObject = 30EB5D021AA23A6400354F90 /* Project object */;
}
